// !$*UTF8*$!
{
	archiveVersion = 1;
	classes = {
	};
	objectVersion = 50;
	objects = {

/* Begin PBXBuildFile section */
		6F71B54C2229B4420022A2FE /* AppDelegate.swift in Sources */ = {isa = PBXBuildFile; fileRef = 6F71B54B2229B4420022A2FE /* AppDelegate.swift */; };
		6F71B5562229B4450022A2FE /* Assets.xcassets in Resources */ = {isa = PBXBuildFile; fileRef = 6F71B5552229B4450022A2FE /* Assets.xcassets */; };
		6F71B5592229B4450022A2FE /* LaunchScreen.storyboard in Resources */ = {isa = PBXBuildFile; fileRef = 6F71B5572229B4450022A2FE /* LaunchScreen.storyboard */; };
		6F71B56D2229B6E60022A2FE /* CryptoListVC.swift in Sources */ = {isa = PBXBuildFile; fileRef = 6F71B56B2229B6E60022A2FE /* CryptoListVC.swift */; };
		6F71B570222AA3280022A2FE /* CryptoService.swift in Sources */ = {isa = PBXBuildFile; fileRef = 6F71B56F222AA3280022A2FE /* CryptoService.swift */; };
		6F71B572222AA3540022A2FE /* Currency.swift in Sources */ = {isa = PBXBuildFile; fileRef = 6F71B571222AA3540022A2FE /* Currency.swift */; };
		6F71B57A222AB0530022A2FE /* CryptoListVC.storyboard in Resources */ = {isa = PBXBuildFile; fileRef = 6F71B579222AB0530022A2FE /* CryptoListVC.storyboard */; };
		6F71B57C222ABE230022A2FE /* ApiError.swift in Sources */ = {isa = PBXBuildFile; fileRef = 6F71B57B222ABE230022A2FE /* ApiError.swift */; };
		6F71B57E222AC9380022A2FE /* CyproViewModel.swift in Sources */ = {isa = PBXBuildFile; fileRef = 6F71B57D222AC9380022A2FE /* CyproViewModel.swift */; };
		ECF78A5AF826A9A2D665EC95 /* Pods_Cryptocurrency.framework in Frameworks */ = {isa = PBXBuildFile; fileRef = A4C5F80B5DA720EB0916FA5E /* Pods_Cryptocurrency.framework */; };
/* End PBXBuildFile section */

/* Begin PBXFileReference section */
		33ABC7671C41E2654F8A3FFB /* Pods-Cryptocurrency.release.xcconfig */ = {isa = PBXFileReference; includeInIndex = 1; lastKnownFileType = text.xcconfig; name = "Pods-Cryptocurrency.release.xcconfig"; path = "Target Support Files/Pods-Cryptocurrency/Pods-Cryptocurrency.release.xcconfig"; sourceTree = "<group>"; };
		6F71B5482229B4420022A2FE /* Cryptocurrency.app */ = {isa = PBXFileReference; explicitFileType = wrapper.application; includeInIndex = 0; path = Cryptocurrency.app; sourceTree = BUILT_PRODUCTS_DIR; };
		6F71B54B2229B4420022A2FE /* AppDelegate.swift */ = {isa = PBXFileReference; lastKnownFileType = sourcecode.swift; path = AppDelegate.swift; sourceTree = "<group>"; };
		6F71B5552229B4450022A2FE /* Assets.xcassets */ = {isa = PBXFileReference; lastKnownFileType = folder.assetcatalog; path = Assets.xcassets; sourceTree = "<group>"; };
		6F71B5582229B4450022A2FE /* Base */ = {isa = PBXFileReference; lastKnownFileType = file.storyboard; name = Base; path = Base.lproj/LaunchScreen.storyboard; sourceTree = "<group>"; };
		6F71B55A2229B4450022A2FE /* Info.plist */ = {isa = PBXFileReference; lastKnownFileType = text.plist.xml; path = Info.plist; sourceTree = "<group>"; };
		6F71B56B2229B6E60022A2FE /* CryptoListVC.swift */ = {isa = PBXFileReference; lastKnownFileType = sourcecode.swift; path = CryptoListVC.swift; sourceTree = "<group>"; };
		6F71B56F222AA3280022A2FE /* CryptoService.swift */ = {isa = PBXFileReference; lastKnownFileType = sourcecode.swift; path = CryptoService.swift; sourceTree = "<group>"; };
		6F71B571222AA3540022A2FE /* Currency.swift */ = {isa = PBXFileReference; lastKnownFileType = sourcecode.swift; path = Currency.swift; sourceTree = "<group>"; };
		6F71B579222AB0530022A2FE /* CryptoListVC.storyboard */ = {isa = PBXFileReference; lastKnownFileType = file.storyboard; path = CryptoListVC.storyboard; sourceTree = "<group>"; };
		6F71B57B222ABE230022A2FE /* ApiError.swift */ = {isa = PBXFileReference; lastKnownFileType = sourcecode.swift; path = ApiError.swift; sourceTree = "<group>"; };
		6F71B57D222AC9380022A2FE /* CyproViewModel.swift */ = {isa = PBXFileReference; lastKnownFileType = sourcecode.swift; path = CyproViewModel.swift; sourceTree = "<group>"; };
		76FA79CD71B5EB094CE395D2 /* Pods-Cryptocurrency.debug.xcconfig */ = {isa = PBXFileReference; includeInIndex = 1; lastKnownFileType = text.xcconfig; name = "Pods-Cryptocurrency.debug.xcconfig"; path = "Target Support Files/Pods-Cryptocurrency/Pods-Cryptocurrency.debug.xcconfig"; sourceTree = "<group>"; };
		A4C5F80B5DA720EB0916FA5E /* Pods_Cryptocurrency.framework */ = {isa = PBXFileReference; explicitFileType = wrapper.framework; includeInIndex = 0; path = Pods_Cryptocurrency.framework; sourceTree = BUILT_PRODUCTS_DIR; };
/* End PBXFileReference section */

/* Begin PBXFrameworksBuildPhase section */
		6F71B5452229B4420022A2FE /* Frameworks */ = {
			isa = PBXFrameworksBuildPhase;
			buildActionMask = 2147483647;
			files = (
				ECF78A5AF826A9A2D665EC95 /* Pods_Cryptocurrency.framework in Frameworks */,
			);
			runOnlyForDeploymentPostprocessing = 0;
		};
/* End PBXFrameworksBuildPhase section */

/* Begin PBXGroup section */
		6F71B53F2229B4420022A2FE = {
			isa = PBXGroup;
			children = (
				6F71B54A2229B4420022A2FE /* Cryptocurrency */,
				6F71B5492229B4420022A2FE /* Products */,
				99ADB1CE21D7D69ECDE7C615 /* Pods */,
				F5106232E9B2E05FCCFBAA8B /* Frameworks */,
			);
			sourceTree = "<group>";
		};
		6F71B5492229B4420022A2FE /* Products */ = {
			isa = PBXGroup;
			children = (
				6F71B5482229B4420022A2FE /* Cryptocurrency.app */,
			);
			name = Products;
			sourceTree = "<group>";
		};
		6F71B54A2229B4420022A2FE /* Cryptocurrency */ = {
			isa = PBXGroup;
			children = (
				6F71B54B2229B4420022A2FE /* AppDelegate.swift */,
				6F71B5612229B56F0022A2FE /* App */,
				6F71B5622229B57E0022A2FE /* Service */,
				6F71B5642229B5B50022A2FE /* Model */,
				6F71B5652229B5C00022A2FE /* ViewModel */,
				6F71B5632229B5A20022A2FE /* View */,
				6F71B5602229B5570022A2FE /* SupportFiles */,
			);
			path = Cryptocurrency;
			sourceTree = "<group>";
		};
		6F71B5602229B5570022A2FE /* SupportFiles */ = {
			isa = PBXGroup;
			children = (
				6F71B5552229B4450022A2FE /* Assets.xcassets */,
				6F71B5572229B4450022A2FE /* LaunchScreen.storyboard */,
				6F71B55A2229B4450022A2FE /* Info.plist */,
			);
			path = SupportFiles;
			sourceTree = "<group>";
		};
		6F71B5612229B56F0022A2FE /* App */ = {
			isa = PBXGroup;
			children = (
			);
			path = App;
			sourceTree = "<group>";
		};
		6F71B5622229B57E0022A2FE /* Service */ = {
			isa = PBXGroup;
			children = (
				6F71B56F222AA3280022A2FE /* CryptoService.swift */,
				6F71B57B222ABE230022A2FE /* ApiError.swift */,
			);
			path = Service;
			sourceTree = "<group>";
		};
		6F71B5632229B5A20022A2FE /* View */ = {
			isa = PBXGroup;
			children = (
				6F71B5662229B61C0022A2FE /* CryptoList */,
			);
			path = View;
			sourceTree = "<group>";
		};
		6F71B5642229B5B50022A2FE /* Model */ = {
			isa = PBXGroup;
			children = (
				6F71B571222AA3540022A2FE /* Currency.swift */,
			);
			path = Model;
			sourceTree = "<group>";
		};
		6F71B5652229B5C00022A2FE /* ViewModel */ = {
			isa = PBXGroup;
			children = (
				6F71B57D222AC9380022A2FE /* CyproViewModel.swift */,
			);
			path = ViewModel;
			sourceTree = "<group>";
		};
		6F71B5662229B61C0022A2FE /* CryptoList */ = {
			isa = PBXGroup;
			children = (
				6F71B56B2229B6E60022A2FE /* CryptoListVC.swift */,
				6F71B579222AB0530022A2FE /* CryptoListVC.storyboard */,
			);
			path = CryptoList;
			sourceTree = "<group>";
		};
		99ADB1CE21D7D69ECDE7C615 /* Pods */ = {
			isa = PBXGroup;
			children = (
				76FA79CD71B5EB094CE395D2 /* Pods-Cryptocurrency.debug.xcconfig */,
				33ABC7671C41E2654F8A3FFB /* Pods-Cryptocurrency.release.xcconfig */,
			);
			path = Pods;
			sourceTree = "<group>";
		};
		F5106232E9B2E05FCCFBAA8B /* Frameworks */ = {
			isa = PBXGroup;
			children = (
				A4C5F80B5DA720EB0916FA5E /* Pods_Cryptocurrency.framework */,
			);
			name = Frameworks;
			sourceTree = "<group>";
		};
/* End PBXGroup section */

/* Begin PBXNativeTarget section */
		6F71B5472229B4420022A2FE /* Cryptocurrency */ = {
			isa = PBXNativeTarget;
			buildConfigurationList = 6F71B55D2229B4450022A2FE /* Build configuration list for PBXNativeTarget "Cryptocurrency" */;
			buildPhases = (
				230E4C8328D64D2729B31A1D /* [CP] Check Pods Manifest.lock */,
				6F71B5442229B4420022A2FE /* Sources */,
				6F71B5452229B4420022A2FE /* Frameworks */,
				6F71B5462229B4420022A2FE /* Resources */,
				B508F83829B77A108751A0C1 /* [CP] Embed Pods Frameworks */,
			);
			buildRules = (
			);
			dependencies = (
			);
			name = Cryptocurrency;
			productName = Cryptocurrency;
			productReference = 6F71B5482229B4420022A2FE /* Cryptocurrency.app */;
			productType = "com.apple.product-type.application";
		};
/* End PBXNativeTarget section */

/* Begin PBXProject section */
		6F71B5402229B4420022A2FE /* Project object */ = {
			isa = PBXProject;
			attributes = {
				LastSwiftUpdateCheck = 1010;
				LastUpgradeCheck = 1010;
				ORGANIZATIONNAME = "Max Rybak";
				TargetAttributes = {
					6F71B5472229B4420022A2FE = {
						CreatedOnToolsVersion = 10.1;
					};
				};
			};
			buildConfigurationList = 6F71B5432229B4420022A2FE /* Build configuration list for PBXProject "Cryptocurrency" */;
			compatibilityVersion = "Xcode 9.3";
			developmentRegion = en;
			hasScannedForEncodings = 0;
			knownRegions = (
				en,
				Base,
			);
			mainGroup = 6F71B53F2229B4420022A2FE;
			productRefGroup = 6F71B5492229B4420022A2FE /* Products */;
			projectDirPath = "";
			projectRoot = "";
			targets = (
				6F71B5472229B4420022A2FE /* Cryptocurrency */,
			);
		};
/* End PBXProject section */

/* Begin PBXResourcesBuildPhase section */
		6F71B5462229B4420022A2FE /* Resources */ = {
			isa = PBXResourcesBuildPhase;
			buildActionMask = 2147483647;
			files = (
				6F71B5592229B4450022A2FE /* LaunchScreen.storyboard in Resources */,
				6F71B57A222AB0530022A2FE /* CryptoListVC.storyboard in Resources */,
				6F71B5562229B4450022A2FE /* Assets.xcassets in Resources */,
			);
			runOnlyForDeploymentPostprocessing = 0;
		};
/* End PBXResourcesBuildPhase section */

/* Begin PBXShellScriptBuildPhase section */
		230E4C8328D64D2729B31A1D /* [CP] Check Pods Manifest.lock */ = {
			isa = PBXShellScriptBuildPhase;
			buildActionMask = 2147483647;
			files = (
			);
			inputFileListPaths = (
			);
			inputPaths = (
				"${PODS_PODFILE_DIR_PATH}/Podfile.lock",
				"${PODS_ROOT}/Manifest.lock",
			);
			name = "[CP] Check Pods Manifest.lock";
			outputFileListPaths = (
			);
			outputPaths = (
				"$(DERIVED_FILE_DIR)/Pods-Cryptocurrency-checkManifestLockResult.txt",
			);
			runOnlyForDeploymentPostprocessing = 0;
			shellPath = /bin/sh;
			shellScript = "diff \"${PODS_PODFILE_DIR_PATH}/Podfile.lock\" \"${PODS_ROOT}/Manifest.lock\" > /dev/null\nif [ $? != 0 ] ; then\n    # print error to STDERR\n    echo \"error: The sandbox is not in sync with the Podfile.lock. Run 'pod install' or update your CocoaPods installation.\" >&2\n    exit 1\nfi\n# This output is used by Xcode 'outputs' to avoid re-running this script phase.\necho \"SUCCESS\" > \"${SCRIPT_OUTPUT_FILE_0}\"\n";
			showEnvVarsInLog = 0;
		};
		B508F83829B77A108751A0C1 /* [CP] Embed Pods Frameworks */ = {
			isa = PBXShellScriptBuildPhase;
			buildActionMask = 2147483647;
			files = (
			);
			inputFileListPaths = (
			);
			inputPaths = (
				"${PODS_ROOT}/Target Support Files/Pods-Cryptocurrency/Pods-Cryptocurrency-frameworks.sh",
				"${BUILT_PRODUCTS_DIR}/RxAtomic/RxAtomic.framework",
				"${BUILT_PRODUCTS_DIR}/RxCocoa/RxCocoa.framework",
				"${BUILT_PRODUCTS_DIR}/RxSwift/RxSwift.framework",
			);
			name = "[CP] Embed Pods Frameworks";
			outputFileListPaths = (
			);
			outputPaths = (
				"${TARGET_BUILD_DIR}/${FRAMEWORKS_FOLDER_PATH}/RxAtomic.framework",
				"${TARGET_BUILD_DIR}/${FRAMEWORKS_FOLDER_PATH}/RxCocoa.framework",
				"${TARGET_BUILD_DIR}/${FRAMEWORKS_FOLDER_PATH}/RxSwift.framework",
			);
			runOnlyForDeploymentPostprocessing = 0;
			shellPath = /bin/sh;
			shellScript = "\"${PODS_ROOT}/Target Support Files/Pods-Cryptocurrency/Pods-Cryptocurrency-frameworks.sh\"\n";
			showEnvVarsInLog = 0;
		};
/* End PBXShellScriptBuildPhase section */

/* Begin PBXSourcesBuildPhase section */
		6F71B5442229B4420022A2FE /* Sources */ = {
			isa = PBXSourcesBuildPhase;
			buildActionMask = 2147483647;
			files = (
				6F71B572222AA3540022A2FE /* Currency.swift in Sources */,
				6F71B54C2229B4420022A2FE /* AppDelegate.swift in Sources */,
				6F71B57E222AC9380022A2FE /* CyproViewModel.swift in Sources */,
				6F71B570222AA3280022A2FE /* CryptoService.swift in Sources */,
				6F71B57C222ABE230022A2FE /* ApiError.swift in Sources */,
				6F71B56D2229B6E60022A2FE /* CryptoListVC.swift in Sources */,
			);
			runOnlyForDeploymentPostprocessing = 0;
		};
/* End PBXSourcesBuildPhase section */

/* Begin PBXVariantGroup section */
		6F71B5572229B4450022A2FE /* LaunchScreen.storyboard */ = {
			isa = PBXVariantGroup;
			children = (
				6F71B5582229B4450022A2FE /* Base */,
			);
			name = LaunchScreen.storyboard;
			sourceTree = "<group>";
		};
/* End PBXVariantGroup section */

/* Begin XCBuildConfiguration section */
		6F71B55B2229B4450022A2FE /* Debug */ = {
			isa = XCBuildConfiguration;
			buildSettings = {
				ALWAYS_SEARCH_USER_PATHS = NO;
				CLANG_ANALYZER_NONNULL = YES;
				CLANG_ANALYZER_NUMBER_OBJECT_CONVERSION = YES_AGGRESSIVE;
				CLANG_CXX_LANGUAGE_STANDARD = "gnu++14";
				CLANG_CXX_LIBRARY = "libc++";
				CLANG_ENABLE_MODULES = YES;
				CLANG_ENABLE_OBJC_ARC = YES;
				CLANG_ENABLE_OBJC_WEAK = YES;
				CLANG_WARN_BLOCK_CAPTURE_AUTORELEASING = YES;
				CLANG_WARN_BOOL_CONVERSION = YES;
				CLANG_WARN_COMMA = YES;
				CLANG_WARN_CONSTANT_CONVERSION = YES;
				CLANG_WARN_DEPRECATED_OBJC_IMPLEMENTATIONS = YES;
				CLANG_WARN_DIRECT_OBJC_ISA_USAGE = YES_ERROR;
				CLANG_WARN_DOCUMENTATION_COMMENTS = YES;
				CLANG_WARN_EMPTY_BODY = YES;
				CLANG_WARN_ENUM_CONVERSION = YES;
				CLANG_WARN_INFINITE_RECURSION = YES;
				CLANG_WARN_INT_CONVERSION = YES;
				CLANG_WARN_NON_LITERAL_NULL_CONVERSION = YES;
				CLANG_WARN_OBJC_IMPLICIT_RETAIN_SELF = YES;
				CLANG_WARN_OBJC_LITERAL_CONVERSION = YES;
				CLANG_WARN_OBJC_ROOT_CLASS = YES_ERROR;
				CLANG_WARN_RANGE_LOOP_ANALYSIS = YES;
				CLANG_WARN_STRICT_PROTOTYPES = YES;
				CLANG_WARN_SUSPICIOUS_MOVE = YES;
				CLANG_WARN_UNGUARDED_AVAILABILITY = YES_AGGRESSIVE;
				CLANG_WARN_UNREACHABLE_CODE = YES;
				CLANG_WARN__DUPLICATE_METHOD_MATCH = YES;
				CODE_SIGN_IDENTITY = "iPhone Developer";
				COPY_PHASE_STRIP = NO;
				DEBUG_INFORMATION_FORMAT = dwarf;
				ENABLE_STRICT_OBJC_MSGSEND = YES;
				ENABLE_TESTABILITY = YES;
				GCC_C_LANGUAGE_STANDARD = gnu11;
				GCC_DYNAMIC_NO_PIC = NO;
				GCC_NO_COMMON_BLOCKS = YES;
				GCC_OPTIMIZATION_LEVEL = 0;
				GCC_PREPROCESSOR_DEFINITIONS = (
					"DEBUG=1",
					"$(inherited)",
				);
				GCC_WARN_64_TO_32_BIT_CONVERSION = YES;
				GCC_WARN_ABOUT_RETURN_TYPE = YES_ERROR;
				GCC_WARN_UNDECLARED_SELECTOR = YES;
				GCC_WARN_UNINITIALIZED_AUTOS = YES_AGGRESSIVE;
				GCC_WARN_UNUSED_FUNCTION = YES;
				GCC_WARN_UNUSED_VARIABLE = YES;
				IPHONEOS_DEPLOYMENT_TARGET = 12.1;
				MTL_ENABLE_DEBUG_INFO = INCLUDE_SOURCE;
				MTL_FAST_MATH = YES;
				ONLY_ACTIVE_ARCH = YES;
				SDKROOT = iphoneos;
				SWIFT_ACTIVE_COMPILATION_CONDITIONS = DEBUG;
				SWIFT_OPTIMIZATION_LEVEL = "-Onone";
			};
			name = Debug;
		};
		6F71B55C2229B4450022A2FE /* Release */ = {
			isa = XCBuildConfiguration;
			buildSettings = {
				ALWAYS_SEARCH_USER_PATHS = NO;
				CLANG_ANALYZER_NONNULL = YES;
				CLANG_ANALYZER_NUMBER_OBJECT_CONVERSION = YES_AGGRESSIVE;
				CLANG_CXX_LANGUAGE_STANDARD = "gnu++14";
				CLANG_CXX_LIBRARY = "libc++";
				CLANG_ENABLE_MODULES = YES;
				CLANG_ENABLE_OBJC_ARC = YES;
				CLANG_ENABLE_OBJC_WEAK = YES;
				CLANG_WARN_BLOCK_CAPTURE_AUTORELEASING = YES;
				CLANG_WARN_BOOL_CONVERSION = YES;
				CLANG_WARN_COMMA = YES;
				CLANG_WARN_CONSTANT_CONVERSION = YES;
				CLANG_WARN_DEPRECATED_OBJC_IMPLEMENTATIONS = YES;
				CLANG_WARN_DIRECT_OBJC_ISA_USAGE = YES_ERROR;
				CLANG_WARN_DOCUMENTATION_COMMENTS = YES;
				CLANG_WARN_EMPTY_BODY = YES;
				CLANG_WARN_ENUM_CONVERSION = YES;
				CLANG_WARN_INFINITE_RECURSION = YES;
				CLANG_WARN_INT_CONVERSION = YES;
				CLANG_WARN_NON_LITERAL_NULL_CONVERSION = YES;
				CLANG_WARN_OBJC_IMPLICIT_RETAIN_SELF = YES;
				CLANG_WARN_OBJC_LITERAL_CONVERSION = YES;
				CLANG_WARN_OBJC_ROOT_CLASS = YES_ERROR;
				CLANG_WARN_RANGE_LOOP_ANALYSIS = YES;
				CLANG_WARN_STRICT_PROTOTYPES = YES;
				CLANG_WARN_SUSPICIOUS_MOVE = YES;
				CLANG_WARN_UNGUARDED_AVAILABILITY = YES_AGGRESSIVE;
				CLANG_WARN_UNREACHABLE_CODE = YES;
				CLANG_WARN__DUPLICATE_METHOD_MATCH = YES;
				CODE_SIGN_IDENTITY = "iPhone Developer";
				COPY_PHASE_STRIP = NO;
				DEBUG_INFORMATION_FORMAT = "dwarf-with-dsym";
				ENABLE_NS_ASSERTIONS = NO;
				ENABLE_STRICT_OBJC_MSGSEND = YES;
				GCC_C_LANGUAGE_STANDARD = gnu11;
				GCC_NO_COMMON_BLOCKS = YES;
				GCC_WARN_64_TO_32_BIT_CONVERSION = YES;
				GCC_WARN_ABOUT_RETURN_TYPE = YES_ERROR;
				GCC_WARN_UNDECLARED_SELECTOR = YES;
				GCC_WARN_UNINITIALIZED_AUTOS = YES_AGGRESSIVE;
				GCC_WARN_UNUSED_FUNCTION = YES;
				GCC_WARN_UNUSED_VARIABLE = YES;
				IPHONEOS_DEPLOYMENT_TARGET = 12.1;
				MTL_ENABLE_DEBUG_INFO = NO;
				MTL_FAST_MATH = YES;
				SDKROOT = iphoneos;
				SWIFT_COMPILATION_MODE = wholemodule;
				SWIFT_OPTIMIZATION_LEVEL = "-O";
				VALIDATE_PRODUCT = YES;
			};
			name = Release;
		};
		6F71B55E2229B4450022A2FE /* Debug */ = {
			isa = XCBuildConfiguration;
			baseConfigurationReference = 76FA79CD71B5EB094CE395D2 /* Pods-Cryptocurrency.debug.xcconfig */;
			buildSettings = {
				ASSETCATALOG_COMPILER_APPICON_NAME = AppIcon;
				CODE_SIGN_STYLE = Automatic;
				INFOPLIST_FILE = "$(SRCROOT)/Cryptocurrency/SupportFiles/Info.plist";
				LD_RUNPATH_SEARCH_PATHS = (
					"$(inherited)",
					"@executable_path/Frameworks",
				);
				PRODUCT_BUNDLE_IDENTIFIER = hurubashi.Cryptocurrency;
				PRODUCT_NAME = "$(TARGET_NAME)";
				SWIFT_VERSION = 4.2;
				TARGETED_DEVICE_FAMILY = "1,2";
			};
			name = Debug;
		};
		6F71B55F2229B4450022A2FE /* Release */ = {
			isa = XCBuildConfiguration;
			baseConfigurationReference = 33ABC7671C41E2654F8A3FFB /* Pods-Cryptocurrency.release.xcconfig */;
			buildSettings = {
				ASSETCATALOG_COMPILER_APPICON_NAME = AppIcon;
				CODE_SIGN_STYLE = Automatic;
				INFOPLIST_FILE = "$(SRCROOT)/Cryptocurrency/SupportFiles/Info.plist";
				LD_RUNPATH_SEARCH_PATHS = (
					"$(inherited)",
					"@executable_path/Frameworks",
				);
				PRODUCT_BUNDLE_IDENTIFIER = hurubashi.Cryptocurrency;
				PRODUCT_NAME = "$(TARGET_NAME)";
				SWIFT_VERSION = 4.2;
				TARGETED_DEVICE_FAMILY = "1,2";
			};
			name = Release;
		};
/* End XCBuildConfiguration section */

/* Begin XCConfigurationList section */
		6F71B5432229B4420022A2FE /* Build configuration list for PBXProject "Cryptocurrency" */ = {
			isa = XCConfigurationList;
			buildConfigurations = (
				6F71B55B2229B4450022A2FE /* Debug */,
				6F71B55C2229B4450022A2FE /* Release */,
			);
			defaultConfigurationIsVisible = 0;
			defaultConfigurationName = Release;
		};
		6F71B55D2229B4450022A2FE /* Build configuration list for PBXNativeTarget "Cryptocurrency" */ = {
			isa = XCConfigurationList;
			buildConfigurations = (
				6F71B55E2229B4450022A2FE /* Debug */,
				6F71B55F2229B4450022A2FE /* Release */,
			);
			defaultConfigurationIsVisible = 0;
			defaultConfigurationName = Release;
		};
/* End XCConfigurationList section */
	};
	rootObject = 6F71B5402229B4420022A2FE /* Project object */;
}
